
Microsoft Visual Studio Solution File, Format Version 12.00
# Visual Studio Version 17
VisualStudioVersion = 17.5.2.0
MinimumVisualStudioVersion = 10.0.40219.1
Project("{FAE04EC0-301F-11D3-BF4B-00C04F79EFBC}") = "Code2Obsidian", "Code2Obsidian.csproj", "{6C68703B-BD8E-B9EA-78C9-8768FC6558BA}"
EndProject
Project("{FAE04EC0-301F-11D3-BF4B-00C04F79EFBC}") = "Code2Obsidian.Tests", "Code2Obsidian.Tests\Code2Obsidian.Tests.csproj", "{0DA9CAE1-64B9-4E38-B546-B1D22E2DAD54}"
EndProject
Global
	GlobalSection(SolutionConfigurationPlatforms) = preSolution
		Debug|Any CPU = Debug|Any CPU
		Debug|x64 = Debug|x64
		Debug|x86 = Debug|x86
		Release|Any CPU = Release|Any CPU
		Release|x64 = Release|x64
		Release|x86 = Release|x86
	EndGlobalSection
	GlobalSection(ProjectConfigurationPlatforms) = postSolution
		{6C68703B-BD8E-B9EA-78C9-8768FC6558BA}.Debug|Any CPU.ActiveCfg = Debug|Any CPU
		{6C68703B-BD8E-B9EA-78C9-8768FC6558BA}.Debug|Any CPU.Build.0 = Debug|Any CPU
		{6C68703B-BD8E-B9EA-78C9-8768FC6558BA}.Debug|x64.ActiveCfg = Debug|Any CPU
		{6C68703B-BD8E-B9EA-78C9-8768FC6558BA}.Debug|x64.Build.0 = Debug|Any CPU
		{6C68703B-BD8E-B9EA-78C9-8768FC6558BA}.Debug|x86.ActiveCfg = Debug|Any CPU
		{6C68703B-BD8E-B9EA-78C9-8768FC6558BA}.Debug|x86.Build.0 = Debug|Any CPU
		{6C68703B-BD8E-B9EA-78C9-8768FC6558BA}.Release|Any CPU.ActiveCfg = Release|Any CPU
		{6C68703B-BD8E-B9EA-78C9-8768FC6558BA}.Release|Any CPU.Build.0 = Release|Any CPU
		{6C68703B-BD8E-B9EA-78C9-8768FC6558BA}.Release|x64.ActiveCfg = Release|Any CPU
		{6C68703B-BD8E-B9EA-78C9-8768FC6558BA}.Release|x64.Build.0 = Release|Any CPU
		{6C68703B-BD8E-B9EA-78C9-8768FC6558BA}.Release|x86.ActiveCfg = Release|Any CPU
		{6C68703B-BD8E-B9EA-78C9-8768FC6558BA}.Release|x86.Build.0 = Release|Any CPU
		{0DA9CAE1-64B9-4E38-B546-B1D22E2DAD54}.Debug|Any CPU.ActiveCfg = Debug|Any CPU
		{0DA9CAE1-64B9-4E38-B546-B1D22E2DAD54}.Debug|Any CPU.Build.0 = Debug|Any CPU
		{0DA9CAE1-64B9-4E38-B546-B1D22E2DAD54}.Debug|x64.ActiveCfg = Debug|Any CPU
		{0DA9CAE1-64B9-4E38-B546-B1D22E2DAD54}.Debug|x64.Build.0 = Debug|Any CPU
		{0DA9CAE1-64B9-4E38-B546-B1D22E2DAD54}.Debug|x86.ActiveCfg = Debug|Any CPU
		{0DA9CAE1-64B9-4E38-B546-B1D22E2DAD54}.Debug|x86.Build.0 = Debug|Any CPU
		{0DA9CAE1-64B9-4E38-B546-B1D22E2DAD54}.Release|Any CPU.ActiveCfg = Release|Any CPU
		{0DA9CAE1-64B9-4E38-B546-B1D22E2DAD54}.Release|Any CPU.Build.0 = Release|Any CPU
		{0DA9CAE1-64B9-4E38-B546-B1D22E2DAD54}.Release|x64.ActiveCfg = Release|Any CPU
		{0DA9CAE1-64B9-4E38-B546-B1D22E2DAD54}.Release|x64.Build.0 = Release|Any CPU
		{0DA9CAE1-64B9-4E38-B546-B1D22E2DAD54}.Release|x86.ActiveCfg = Release|Any CPU
		{0DA9CAE1-64B9-4E38-B546-B1D22E2DAD54}.Release|x86.Build.0 = Release|Any CPU
	EndGlobalSection
	GlobalSection(SolutionProperties) = preSolution
		HideSolutionNode = FALSE
	EndGlobalSection
	GlobalSection(ExtensibilityGlobals) = postSolution
		SolutionGuid = {CF4C569E-D9F4-4D6A-9623-E86196B1F872}
	EndGlobalSection
EndGlobal
